
Microsoft Visual Studio Solution File, Format Version 12.00
# Visual Studio Version 16
VisualStudioVersion = 16.0.31702.278
MinimumVisualStudioVersion = 10.0.40219.1
Project("{FAE04EC0-301F-11D3-BF4B-00C04F79EFBC}") = "primer", "primer\primer.csproj", "{33EACDCD-43EA-4185-84B1-76F6FB756D04}"
EndProject
Global
	GlobalSection(SolutionConfigurationPlatforms) = preSolution
		Debug|Any CPU = Debug|Any CPU
		Release|Any CPU = Release|Any CPU
	EndGlobalSection
	GlobalSection(ProjectConfigurationPlatforms) = postSolution
		{33EACDCD-43EA-4185-84B1-76F6FB756D04}.Debug|Any CPU.ActiveCfg = Debug|Any CPU
		{33EACDCD-43EA-4185-84B1-76F6FB756D04}.Debug|Any CPU.Build.0 = Debug|Any CPU
		{33EACDCD-43EA-4185-84B1-76F6FB756D04}.Release|Any CPU.ActiveCfg = Release|Any CPU
		{33EACDCD-43EA-4185-84B1-76F6FB756D04}.Release|Any CPU.Build.0 = Release|Any CPU
	EndGlobalSection
	GlobalSection(SolutionProperties) = preSolution
		HideSolutionNode = FALSE
	EndGlobalSection
	GlobalSection(ExtensibilityGlobals) = postSolution
		SolutionGuid = {50DF2144-E12A-4E11-B88B-DAE9501926D4}
	EndGlobalSection
EndGlobal
